
Microsoft Visual Studio Solution File, Format Version 12.00
# Visual Studio Version 17
VisualStudioVersion = 17.8.34511.84
MinimumVisualStudioVersion = 10.0.40219.1
Project("{FAE04EC0-301F-11D3-BF4B-00C04F79EFBC}") = "ClassPr", "ClassPr\ClassPr.csproj", "{0A2F3FB7-F5D7-4290-8BB2-42A1DDA844C2}"
EndProject
Global
	GlobalSection(SolutionConfigurationPlatforms) = preSolution
		Debug|Any CPU = Debug|Any CPU
		Release|Any CPU = Release|Any CPU
	EndGlobalSection
	GlobalSection(ProjectConfigurationPlatforms) = postSolution
		{0A2F3FB7-F5D7-4290-8BB2-42A1DDA844C2}.Debug|Any CPU.ActiveCfg = Debug|Any CPU
		{0A2F3FB7-F5D7-4290-8BB2-42A1DDA844C2}.Debug|Any CPU.Build.0 = Debug|Any CPU
		{0A2F3FB7-F5D7-4290-8BB2-42A1DDA844C2}.Release|Any CPU.ActiveCfg = Release|Any CPU
		{0A2F3FB7-F5D7-4290-8BB2-42A1DDA844C2}.Release|Any CPU.Build.0 = Release|Any CPU
	EndGlobalSection
	GlobalSection(SolutionProperties) = preSolution
		HideSolutionNode = FALSE
	EndGlobalSection
	GlobalSection(ExtensibilityGlobals) = postSolution
		SolutionGuid = {D3131892-B041-41CA-A1F8-6A26C7B2CFD3}
	EndGlobalSection
EndGlobal
